
Microsoft Visual Studio Solution File, Format Version 12.00
# Visual Studio Version 16
VisualStudioVersion = 16.0.29403.142
MinimumVisualStudioVersion = 10.0.40219.1
Project("{FAE04EC0-301F-11D3-BF4B-00C04F79EFBC}") = "LesApp0", "LesApp0\LesApp0.csproj", "{39CE7AF5-3FD9-4532-979A-5C31EA708056}"
EndProject
Project("{FAE04EC0-301F-11D3-BF4B-00C04F79EFBC}") = "LesApp1.Lib", "LesApp1.Lib\LesApp1.Lib.csproj", "{7AD63CA9-BEBC-45B5-87FB-444047AC9555}"
EndProject
Project("{FAE04EC0-301F-11D3-BF4B-00C04F79EFBC}") = "LesApp1.Tests", "LesApp1.Tests\LesApp1.Tests.csproj", "{23146E54-2871-4ACA-B0EB-FEFB6A8ECC5D}"
EndProject
Project("{FAE04EC0-301F-11D3-BF4B-00C04F79EFBC}") = "LesApp2", "LesApp2\LesApp2.csproj", "{982CCD6A-33D6-47B3-AC94-CE5B1E08B3FB}"
EndProject
Global
	GlobalSection(SolutionConfigurationPlatforms) = preSolution
		Debug|Any CPU = Debug|Any CPU
		Release|Any CPU = Release|Any CPU
	EndGlobalSection
	GlobalSection(ProjectConfigurationPlatforms) = postSolution
		{39CE7AF5-3FD9-4532-979A-5C31EA708056}.Debug|Any CPU.ActiveCfg = Debug|Any CPU
		{39CE7AF5-3FD9-4532-979A-5C31EA708056}.Debug|Any CPU.Build.0 = Debug|Any CPU
		{39CE7AF5-3FD9-4532-979A-5C31EA708056}.Release|Any CPU.ActiveCfg = Release|Any CPU
		{39CE7AF5-3FD9-4532-979A-5C31EA708056}.Release|Any CPU.Build.0 = Release|Any CPU
		{7AD63CA9-BEBC-45B5-87FB-444047AC9555}.Debug|Any CPU.ActiveCfg = Debug|Any CPU
		{7AD63CA9-BEBC-45B5-87FB-444047AC9555}.Debug|Any CPU.Build.0 = Debug|Any CPU
		{7AD63CA9-BEBC-45B5-87FB-444047AC9555}.Release|Any CPU.ActiveCfg = Release|Any CPU
		{7AD63CA9-BEBC-45B5-87FB-444047AC9555}.Release|Any CPU.Build.0 = Release|Any CPU
		{23146E54-2871-4ACA-B0EB-FEFB6A8ECC5D}.Debug|Any CPU.ActiveCfg = Debug|Any CPU
		{23146E54-2871-4ACA-B0EB-FEFB6A8ECC5D}.Debug|Any CPU.Build.0 = Debug|Any CPU
		{23146E54-2871-4ACA-B0EB-FEFB6A8ECC5D}.Release|Any CPU.ActiveCfg = Release|Any CPU
		{23146E54-2871-4ACA-B0EB-FEFB6A8ECC5D}.Release|Any CPU.Build.0 = Release|Any CPU
		{982CCD6A-33D6-47B3-AC94-CE5B1E08B3FB}.Debug|Any CPU.ActiveCfg = Debug|Any CPU
		{982CCD6A-33D6-47B3-AC94-CE5B1E08B3FB}.Debug|Any CPU.Build.0 = Debug|Any CPU
		{982CCD6A-33D6-47B3-AC94-CE5B1E08B3FB}.Release|Any CPU.ActiveCfg = Release|Any CPU
		{982CCD6A-33D6-47B3-AC94-CE5B1E08B3FB}.Release|Any CPU.Build.0 = Release|Any CPU
	EndGlobalSection
	GlobalSection(SolutionProperties) = preSolution
		HideSolutionNode = FALSE
	EndGlobalSection
	GlobalSection(ExtensibilityGlobals) = postSolution
		SolutionGuid = {C330DDB5-75A2-45BA-8275-6295DA1CA059}
	EndGlobalSection
EndGlobal
